
Microsoft Visual Studio Solution File, Format Version 12.00
# Visual Studio Version 16
VisualStudioVersion = 16.0.29209.152
MinimumVisualStudioVersion = 10.0.40219.1
Project("{FAE04EC0-301F-11D3-BF4B-00C04F79EFBC}") = "Elastic.Apm.Mongo", "src\Elastic.Apm.Mongo\Elastic.Apm.Mongo.csproj", "{F4501B59-4F2E-4436-9407-71943A3A7ABC}"
EndProject
Project("{FAE04EC0-301F-11D3-BF4B-00C04F79EFBC}") = "Elastic.Apm.Mongo.Tests", "tests\Elastic.Apm.Mongo.Tests\Elastic.Apm.Mongo.Tests.csproj", "{D6CD7340-ECF2-4F15-80F1-4016DB1AC747}"
EndProject
Project("{2150E333-8FDC-42A3-9474-1A3956D46DE8}") = "tests", "tests", "{E5AE4FE2-7D60-4932-AC18-E6BC830DDC05}"
EndProject
Project("{FAE04EC0-301F-11D3-BF4B-00C04F79EFBC}") = "Elastic.Apm.Mongo.IntegrationTests", "tests\Elastic.Apm.Mongo.IntegrationTests\Elastic.Apm.Mongo.IntegrationTests.csproj", "{891959DB-7BB7-449C-B55E-15782B838384}"
EndProject
Project("{2150E333-8FDC-42A3-9474-1A3956D46DE8}") = "SolutionItems", "SolutionItems", "{C17F68B2-A613-4E5B-B448-BA0E9F2A631C}"
ProjectSection(SolutionItems) = preProject
	.editorconfig = .editorconfig
	.gitignore = .gitignore
	azure-pipelines.yml = azure-pipelines.yml
	GitVersion.yml = GitVersion.yml
	LICENSE = LICENSE
	README.md = README.md
	azure-pipelines.linux.yml = azure-pipelines.linux.yml
	azure-pipelines.windows.yml = azure-pipelines.windows.yml
	global.json = global.json
	NuGet.config = NuGet.config
EndProjectSection
EndProject
Project("{2150E333-8FDC-42A3-9474-1A3956D46DE8}") = "examples", "examples", "{F242F21A-F38D-43C9-B8AF-85C8C6504403}"
ProjectSection(SolutionItems) = preProject
	examples\apm-server.yml = examples\apm-server.yml
	examples\docker-compose.yml = examples\docker-compose.yml
	examples\kibana.yml = examples\kibana.yml
	examples\README.md = examples\README.md
EndProjectSection
EndProject
Project("{FAE04EC0-301F-11D3-BF4B-00C04F79EFBC}") = "Elastic.Apm.Mongo.Examples.AspNetCore", "examples\Elastic.Apm.Mongo.Examples.AspNetCore\Elastic.Apm.Mongo.Examples.AspNetCore.csproj", "{812C9A58-8DE4-4B7F-8F7F-019D2BD79CFB}"
EndProject
Project("{2150E333-8FDC-42A3-9474-1A3956D46DE8}") = ".github", ".github", "{79F2A21B-2641-4CEC-8621-9EC8C61EBBFD}"
EndProject
Project("{2150E333-8FDC-42A3-9474-1A3956D46DE8}") = "workflows", "workflows", "{390CB3B6-3C20-4BB4-AF40-BD1A29E8F82B}"
ProjectSection(SolutionItems) = preProject
	.github\workflows\analysis.yml = .github\workflows\analysis.yml
	.github\workflows\dotnetcore.yml = .github\workflows\dotnetcore.yml
EndProjectSection
EndProject
Global
	GlobalSection(SolutionConfigurationPlatforms) = preSolution
		Debug|Any CPU = Debug|Any CPU
		Release|Any CPU = Release|Any CPU
	EndGlobalSection
	GlobalSection(ProjectConfigurationPlatforms) = postSolution
		{F4501B59-4F2E-4436-9407-71943A3A7ABC}.Debug|Any CPU.ActiveCfg = Debug|Any CPU
		{F4501B59-4F2E-4436-9407-71943A3A7ABC}.Debug|Any CPU.Build.0 = Debug|Any CPU
		{F4501B59-4F2E-4436-9407-71943A3A7ABC}.Release|Any CPU.ActiveCfg = Release|Any CPU
		{F4501B59-4F2E-4436-9407-71943A3A7ABC}.Release|Any CPU.Build.0 = Release|Any CPU
		{D6CD7340-ECF2-4F15-80F1-4016DB1AC747}.Debug|Any CPU.ActiveCfg = Debug|Any CPU
		{D6CD7340-ECF2-4F15-80F1-4016DB1AC747}.Debug|Any CPU.Build.0 = Debug|Any CPU
		{D6CD7340-ECF2-4F15-80F1-4016DB1AC747}.Release|Any CPU.ActiveCfg = Release|Any CPU
		{D6CD7340-ECF2-4F15-80F1-4016DB1AC747}.Release|Any CPU.Build.0 = Release|Any CPU
		{891959DB-7BB7-449C-B55E-15782B838384}.Debug|Any CPU.ActiveCfg = Debug|Any CPU
		{891959DB-7BB7-449C-B55E-15782B838384}.Debug|Any CPU.Build.0 = Debug|Any CPU
		{891959DB-7BB7-449C-B55E-15782B838384}.Release|Any CPU.ActiveCfg = Release|Any CPU
		{891959DB-7BB7-449C-B55E-15782B838384}.Release|Any CPU.Build.0 = Release|Any CPU
		{812C9A58-8DE4-4B7F-8F7F-019D2BD79CFB}.Debug|Any CPU.ActiveCfg = Debug|Any CPU
		{812C9A58-8DE4-4B7F-8F7F-019D2BD79CFB}.Debug|Any CPU.Build.0 = Debug|Any CPU
		{812C9A58-8DE4-4B7F-8F7F-019D2BD79CFB}.Release|Any CPU.ActiveCfg = Release|Any CPU
		{812C9A58-8DE4-4B7F-8F7F-019D2BD79CFB}.Release|Any CPU.Build.0 = Release|Any CPU
	EndGlobalSection
	GlobalSection(SolutionProperties) = preSolution
		HideSolutionNode = FALSE
	EndGlobalSection
	GlobalSection(ExtensibilityGlobals) = postSolution
		SolutionGuid = {0BB799C5-DE85-4357-BDC5-398E5F35BB34}
	EndGlobalSection
	GlobalSection(NestedProjects) = preSolution
		{D6CD7340-ECF2-4F15-80F1-4016DB1AC747} = {E5AE4FE2-7D60-4932-AC18-E6BC830DDC05}
		{891959DB-7BB7-449C-B55E-15782B838384} = {E5AE4FE2-7D60-4932-AC18-E6BC830DDC05}
		{812C9A58-8DE4-4B7F-8F7F-019D2BD79CFB} = {F242F21A-F38D-43C9-B8AF-85C8C6504403}
		{79F2A21B-2641-4CEC-8621-9EC8C61EBBFD} = {C17F68B2-A613-4E5B-B448-BA0E9F2A631C}
		{390CB3B6-3C20-4BB4-AF40-BD1A29E8F82B} = {79F2A21B-2641-4CEC-8621-9EC8C61EBBFD}
	EndGlobalSection
EndGlobal
